
Microsoft Visual Studio Solution File, Format Version 12.00
# Visual Studio Version 16
VisualStudioVersion = 16.0.30011.22
MinimumVisualStudioVersion = 10.0.40219.1
Project("{FAE04EC0-301F-11D3-BF4B-00C04F79EFBC}") = "Prestige.BizTests", "Prestige.BizTests\Prestige.BizTests.csproj", "{FDCCD6E7-4C5C-49EA-B238-4195CF20E419}"
EndProject
Project("{2150E333-8FDC-42A3-9474-1A3956D46DE8}") = "Tests", "Tests", "{8D6AD161-23A1-48C6-8696-D3B1945CD5ED}"
EndProject
Project("{FAE04EC0-301F-11D3-BF4B-00C04F79EFBC}") = "Prestige.Biz", "Prestige.Biz\Prestige.Biz.csproj", "{49F337A4-621E-455E-9A0F-545DEF10853D}"
EndProject
Global
	GlobalSection(SolutionConfigurationPlatforms) = preSolution
		Debug|Any CPU = Debug|Any CPU
		Release|Any CPU = Release|Any CPU
	EndGlobalSection
	GlobalSection(ProjectConfigurationPlatforms) = postSolution
		{FDCCD6E7-4C5C-49EA-B238-4195CF20E419}.Debug|Any CPU.ActiveCfg = Debug|Any CPU
		{FDCCD6E7-4C5C-49EA-B238-4195CF20E419}.Debug|Any CPU.Build.0 = Debug|Any CPU
		{FDCCD6E7-4C5C-49EA-B238-4195CF20E419}.Release|Any CPU.ActiveCfg = Release|Any CPU
		{FDCCD6E7-4C5C-49EA-B238-4195CF20E419}.Release|Any CPU.Build.0 = Release|Any CPU
		{49F337A4-621E-455E-9A0F-545DEF10853D}.Debug|Any CPU.ActiveCfg = Debug|Any CPU
		{49F337A4-621E-455E-9A0F-545DEF10853D}.Debug|Any CPU.Build.0 = Debug|Any CPU
		{49F337A4-621E-455E-9A0F-545DEF10853D}.Release|Any CPU.ActiveCfg = Release|Any CPU
		{49F337A4-621E-455E-9A0F-545DEF10853D}.Release|Any CPU.Build.0 = Release|Any CPU
	EndGlobalSection
	GlobalSection(SolutionProperties) = preSolution
		HideSolutionNode = FALSE
	EndGlobalSection
	GlobalSection(NestedProjects) = preSolution
		{FDCCD6E7-4C5C-49EA-B238-4195CF20E419} = {8D6AD161-23A1-48C6-8696-D3B1945CD5ED}
	EndGlobalSection
	GlobalSection(ExtensibilityGlobals) = postSolution
		SolutionGuid = {609B5A27-5325-4122-998D-7FAA78860F10}
	EndGlobalSection
EndGlobal
