
Microsoft Visual Studio Solution File, Format Version 12.00
# Visual Studio Version 16
VisualStudioVersion = 16.0.30225.117
MinimumVisualStudioVersion = 15.0.26124.0
Project("{9A19103F-16F7-4668-BE54-9A1E7A4F7556}") = "RandomStuff", "RandomStuff\RandomStuff.csproj", "{F36D1C87-0746-4D0D-8A33-B3F115B73B43}"
EndProject
Project("{9A19103F-16F7-4668-BE54-9A1E7A4F7556}") = "AbstractFactoryPattern", "AbstractFactoryPattern\AbstractFactoryPattern.csproj", "{7CE029BD-678A-4777-BB1E-00A89F83E868}"
EndProject
Project("{9A19103F-16F7-4668-BE54-9A1E7A4F7556}") = "StatePattern", "StatePattern\StatePattern.csproj", "{035E8F67-5319-4243-BF8D-2510E13D9556}"
EndProject
Project("{2150E333-8FDC-42A3-9474-1A3956D46DE8}") = "DepInj", "DepInj", "{8089F76A-8B8D-470B-88B3-AA81D06FFA26}"
EndProject
Project("{FAE04EC0-301F-11D3-BF4B-00C04F79EFBC}") = "api", "DepInj\api\api.csproj", "{5DB9EEE4-871C-4EA1-866B-8AE006AB4280}"
EndProject
Project("{9A19103F-16F7-4668-BE54-9A1E7A4F7556}") = "ObserverPattern", "ObserverPattern\ObserverPattern.csproj", "{A0FB4DF9-F3FB-4009-A08C-C982AA8B9C16}"
EndProject
Project("{9A19103F-16F7-4668-BE54-9A1E7A4F7556}") = "api", "DepInj\api.csproj", "{690306E5-2F64-410F-ACC4-5412DD897C43}"
EndProject
Project("{9A19103F-16F7-4668-BE54-9A1E7A4F7556}") = "Async", "Async\Async.csproj", "{023DFE7E-AAA3-4A02-BAC1-05DF11D23FA2}"
<<<<<<< HEAD
EndProject
Project("{9A19103F-16F7-4668-BE54-9A1E7A4F7556}") = "GitHubOAuth", "GitHubOAuth\GitHubOAuth.csproj", "{CE86F56E-9E6F-44B3-A004-3C3F76FE8473}"
=======
>>>>>>> master
EndProject
Global
	GlobalSection(SolutionConfigurationPlatforms) = preSolution
		Debug|Any CPU = Debug|Any CPU
		Debug|x64 = Debug|x64
		Debug|x86 = Debug|x86
		Release|Any CPU = Release|Any CPU
		Release|x64 = Release|x64
		Release|x86 = Release|x86
	EndGlobalSection
	GlobalSection(ProjectConfigurationPlatforms) = postSolution
		{F36D1C87-0746-4D0D-8A33-B3F115B73B43}.Debug|Any CPU.ActiveCfg = Debug|Any CPU
		{F36D1C87-0746-4D0D-8A33-B3F115B73B43}.Debug|Any CPU.Build.0 = Debug|Any CPU
		{F36D1C87-0746-4D0D-8A33-B3F115B73B43}.Debug|x64.ActiveCfg = Debug|Any CPU
		{F36D1C87-0746-4D0D-8A33-B3F115B73B43}.Debug|x64.Build.0 = Debug|Any CPU
		{F36D1C87-0746-4D0D-8A33-B3F115B73B43}.Debug|x86.ActiveCfg = Debug|Any CPU
		{F36D1C87-0746-4D0D-8A33-B3F115B73B43}.Debug|x86.Build.0 = Debug|Any CPU
		{F36D1C87-0746-4D0D-8A33-B3F115B73B43}.Release|Any CPU.ActiveCfg = Release|Any CPU
		{F36D1C87-0746-4D0D-8A33-B3F115B73B43}.Release|Any CPU.Build.0 = Release|Any CPU
		{F36D1C87-0746-4D0D-8A33-B3F115B73B43}.Release|x64.ActiveCfg = Release|Any CPU
		{F36D1C87-0746-4D0D-8A33-B3F115B73B43}.Release|x64.Build.0 = Release|Any CPU
		{F36D1C87-0746-4D0D-8A33-B3F115B73B43}.Release|x86.ActiveCfg = Release|Any CPU
		{F36D1C87-0746-4D0D-8A33-B3F115B73B43}.Release|x86.Build.0 = Release|Any CPU
		{7CE029BD-678A-4777-BB1E-00A89F83E868}.Debug|Any CPU.ActiveCfg = Debug|Any CPU
		{7CE029BD-678A-4777-BB1E-00A89F83E868}.Debug|Any CPU.Build.0 = Debug|Any CPU
		{7CE029BD-678A-4777-BB1E-00A89F83E868}.Debug|x64.ActiveCfg = Debug|Any CPU
		{7CE029BD-678A-4777-BB1E-00A89F83E868}.Debug|x64.Build.0 = Debug|Any CPU
		{7CE029BD-678A-4777-BB1E-00A89F83E868}.Debug|x86.ActiveCfg = Debug|Any CPU
		{7CE029BD-678A-4777-BB1E-00A89F83E868}.Debug|x86.Build.0 = Debug|Any CPU
		{7CE029BD-678A-4777-BB1E-00A89F83E868}.Release|Any CPU.ActiveCfg = Release|Any CPU
		{7CE029BD-678A-4777-BB1E-00A89F83E868}.Release|Any CPU.Build.0 = Release|Any CPU
		{7CE029BD-678A-4777-BB1E-00A89F83E868}.Release|x64.ActiveCfg = Release|Any CPU
		{7CE029BD-678A-4777-BB1E-00A89F83E868}.Release|x64.Build.0 = Release|Any CPU
		{7CE029BD-678A-4777-BB1E-00A89F83E868}.Release|x86.ActiveCfg = Release|Any CPU
		{7CE029BD-678A-4777-BB1E-00A89F83E868}.Release|x86.Build.0 = Release|Any CPU
		{035E8F67-5319-4243-BF8D-2510E13D9556}.Debug|Any CPU.ActiveCfg = Debug|Any CPU
		{035E8F67-5319-4243-BF8D-2510E13D9556}.Debug|Any CPU.Build.0 = Debug|Any CPU
		{035E8F67-5319-4243-BF8D-2510E13D9556}.Debug|x64.ActiveCfg = Debug|Any CPU
		{035E8F67-5319-4243-BF8D-2510E13D9556}.Debug|x64.Build.0 = Debug|Any CPU
		{035E8F67-5319-4243-BF8D-2510E13D9556}.Debug|x86.ActiveCfg = Debug|Any CPU
		{035E8F67-5319-4243-BF8D-2510E13D9556}.Debug|x86.Build.0 = Debug|Any CPU
		{035E8F67-5319-4243-BF8D-2510E13D9556}.Release|Any CPU.ActiveCfg = Release|Any CPU
		{035E8F67-5319-4243-BF8D-2510E13D9556}.Release|Any CPU.Build.0 = Release|Any CPU
		{035E8F67-5319-4243-BF8D-2510E13D9556}.Release|x64.ActiveCfg = Release|Any CPU
		{035E8F67-5319-4243-BF8D-2510E13D9556}.Release|x64.Build.0 = Release|Any CPU
		{035E8F67-5319-4243-BF8D-2510E13D9556}.Release|x86.ActiveCfg = Release|Any CPU
		{035E8F67-5319-4243-BF8D-2510E13D9556}.Release|x86.Build.0 = Release|Any CPU
		{5DB9EEE4-871C-4EA1-866B-8AE006AB4280}.Debug|Any CPU.ActiveCfg = Debug|Any CPU
		{5DB9EEE4-871C-4EA1-866B-8AE006AB4280}.Debug|Any CPU.Build.0 = Debug|Any CPU
		{5DB9EEE4-871C-4EA1-866B-8AE006AB4280}.Debug|x64.ActiveCfg = Debug|Any CPU
		{5DB9EEE4-871C-4EA1-866B-8AE006AB4280}.Debug|x64.Build.0 = Debug|Any CPU
		{5DB9EEE4-871C-4EA1-866B-8AE006AB4280}.Debug|x86.ActiveCfg = Debug|Any CPU
		{5DB9EEE4-871C-4EA1-866B-8AE006AB4280}.Debug|x86.Build.0 = Debug|Any CPU
		{5DB9EEE4-871C-4EA1-866B-8AE006AB4280}.Release|Any CPU.ActiveCfg = Release|Any CPU
		{5DB9EEE4-871C-4EA1-866B-8AE006AB4280}.Release|Any CPU.Build.0 = Release|Any CPU
		{5DB9EEE4-871C-4EA1-866B-8AE006AB4280}.Release|x64.ActiveCfg = Release|Any CPU
		{5DB9EEE4-871C-4EA1-866B-8AE006AB4280}.Release|x64.Build.0 = Release|Any CPU
		{5DB9EEE4-871C-4EA1-866B-8AE006AB4280}.Release|x86.ActiveCfg = Release|Any CPU
		{5DB9EEE4-871C-4EA1-866B-8AE006AB4280}.Release|x86.Build.0 = Release|Any CPU
		{A0FB4DF9-F3FB-4009-A08C-C982AA8B9C16}.Debug|Any CPU.ActiveCfg = Debug|Any CPU
		{A0FB4DF9-F3FB-4009-A08C-C982AA8B9C16}.Debug|Any CPU.Build.0 = Debug|Any CPU
		{A0FB4DF9-F3FB-4009-A08C-C982AA8B9C16}.Debug|x64.ActiveCfg = Debug|Any CPU
		{A0FB4DF9-F3FB-4009-A08C-C982AA8B9C16}.Debug|x64.Build.0 = Debug|Any CPU
		{A0FB4DF9-F3FB-4009-A08C-C982AA8B9C16}.Debug|x86.ActiveCfg = Debug|Any CPU
		{A0FB4DF9-F3FB-4009-A08C-C982AA8B9C16}.Debug|x86.Build.0 = Debug|Any CPU
		{A0FB4DF9-F3FB-4009-A08C-C982AA8B9C16}.Release|Any CPU.ActiveCfg = Release|Any CPU
		{A0FB4DF9-F3FB-4009-A08C-C982AA8B9C16}.Release|Any CPU.Build.0 = Release|Any CPU
		{A0FB4DF9-F3FB-4009-A08C-C982AA8B9C16}.Release|x64.ActiveCfg = Release|Any CPU
		{A0FB4DF9-F3FB-4009-A08C-C982AA8B9C16}.Release|x64.Build.0 = Release|Any CPU
		{A0FB4DF9-F3FB-4009-A08C-C982AA8B9C16}.Release|x86.ActiveCfg = Release|Any CPU
		{A0FB4DF9-F3FB-4009-A08C-C982AA8B9C16}.Release|x86.Build.0 = Release|Any CPU
		{690306E5-2F64-410F-ACC4-5412DD897C43}.Debug|Any CPU.ActiveCfg = Debug|Any CPU
		{690306E5-2F64-410F-ACC4-5412DD897C43}.Debug|Any CPU.Build.0 = Debug|Any CPU
		{690306E5-2F64-410F-ACC4-5412DD897C43}.Debug|x64.ActiveCfg = Debug|Any CPU
		{690306E5-2F64-410F-ACC4-5412DD897C43}.Debug|x64.Build.0 = Debug|Any CPU
		{690306E5-2F64-410F-ACC4-5412DD897C43}.Debug|x86.ActiveCfg = Debug|Any CPU
		{690306E5-2F64-410F-ACC4-5412DD897C43}.Debug|x86.Build.0 = Debug|Any CPU
		{690306E5-2F64-410F-ACC4-5412DD897C43}.Release|Any CPU.ActiveCfg = Release|Any CPU
		{690306E5-2F64-410F-ACC4-5412DD897C43}.Release|Any CPU.Build.0 = Release|Any CPU
		{690306E5-2F64-410F-ACC4-5412DD897C43}.Release|x64.ActiveCfg = Release|Any CPU
		{690306E5-2F64-410F-ACC4-5412DD897C43}.Release|x64.Build.0 = Release|Any CPU
		{690306E5-2F64-410F-ACC4-5412DD897C43}.Release|x86.ActiveCfg = Release|Any CPU
		{690306E5-2F64-410F-ACC4-5412DD897C43}.Release|x86.Build.0 = Release|Any CPU
		{023DFE7E-AAA3-4A02-BAC1-05DF11D23FA2}.Debug|Any CPU.ActiveCfg = Debug|Any CPU
		{023DFE7E-AAA3-4A02-BAC1-05DF11D23FA2}.Debug|Any CPU.Build.0 = Debug|Any CPU
		{023DFE7E-AAA3-4A02-BAC1-05DF11D23FA2}.Debug|x64.ActiveCfg = Debug|Any CPU
		{023DFE7E-AAA3-4A02-BAC1-05DF11D23FA2}.Debug|x64.Build.0 = Debug|Any CPU
		{023DFE7E-AAA3-4A02-BAC1-05DF11D23FA2}.Debug|x86.ActiveCfg = Debug|Any CPU
		{023DFE7E-AAA3-4A02-BAC1-05DF11D23FA2}.Debug|x86.Build.0 = Debug|Any CPU
		{023DFE7E-AAA3-4A02-BAC1-05DF11D23FA2}.Release|Any CPU.ActiveCfg = Release|Any CPU
		{023DFE7E-AAA3-4A02-BAC1-05DF11D23FA2}.Release|Any CPU.Build.0 = Release|Any CPU
		{023DFE7E-AAA3-4A02-BAC1-05DF11D23FA2}.Release|x64.ActiveCfg = Release|Any CPU
		{023DFE7E-AAA3-4A02-BAC1-05DF11D23FA2}.Release|x64.Build.0 = Release|Any CPU
		{023DFE7E-AAA3-4A02-BAC1-05DF11D23FA2}.Release|x86.ActiveCfg = Release|Any CPU
		{023DFE7E-AAA3-4A02-BAC1-05DF11D23FA2}.Release|x86.Build.0 = Release|Any CPU
		{CE86F56E-9E6F-44B3-A004-3C3F76FE8473}.Debug|Any CPU.ActiveCfg = Debug|Any CPU
		{CE86F56E-9E6F-44B3-A004-3C3F76FE8473}.Debug|Any CPU.Build.0 = Debug|Any CPU
		{CE86F56E-9E6F-44B3-A004-3C3F76FE8473}.Debug|x64.ActiveCfg = Debug|Any CPU
		{CE86F56E-9E6F-44B3-A004-3C3F76FE8473}.Debug|x64.Build.0 = Debug|Any CPU
		{CE86F56E-9E6F-44B3-A004-3C3F76FE8473}.Debug|x86.ActiveCfg = Debug|Any CPU
		{CE86F56E-9E6F-44B3-A004-3C3F76FE8473}.Debug|x86.Build.0 = Debug|Any CPU
		{CE86F56E-9E6F-44B3-A004-3C3F76FE8473}.Release|Any CPU.ActiveCfg = Release|Any CPU
		{CE86F56E-9E6F-44B3-A004-3C3F76FE8473}.Release|Any CPU.Build.0 = Release|Any CPU
		{CE86F56E-9E6F-44B3-A004-3C3F76FE8473}.Release|x64.ActiveCfg = Release|Any CPU
		{CE86F56E-9E6F-44B3-A004-3C3F76FE8473}.Release|x64.Build.0 = Release|Any CPU
		{CE86F56E-9E6F-44B3-A004-3C3F76FE8473}.Release|x86.ActiveCfg = Release|Any CPU
		{CE86F56E-9E6F-44B3-A004-3C3F76FE8473}.Release|x86.Build.0 = Release|Any CPU
	EndGlobalSection
	GlobalSection(SolutionProperties) = preSolution
		HideSolutionNode = FALSE
	EndGlobalSection
	GlobalSection(SolutionProperties) = preSolution
		HideSolutionNode = FALSE
	EndGlobalSection
	GlobalSection(NestedProjects) = preSolution
		{5DB9EEE4-871C-4EA1-866B-8AE006AB4280} = {8089F76A-8B8D-470B-88B3-AA81D06FFA26}
	EndGlobalSection
	GlobalSection(ExtensibilityGlobals) = postSolution
<<<<<<< HEAD
		SolutionGuid = {E58741FE-E862-43A7-BAAD-F09BE3042884}
=======
		SolutionGuid = {26E1282D-C98A-4FC1-BAAD-878112CDA1E6}
>>>>>>> master
	EndGlobalSection
EndGlobal
