
Microsoft Visual Studio Solution File, Format Version 12.00
# Visual Studio 15
VisualStudioVersion = 15.0.26124.0
MinimumVisualStudioVersion = 15.0.26124.0
Project("{FAE04EC0-301F-11D3-BF4B-00C04F79EFBC}") = "RandomStuff", "RandomStuff\RandomStuff.csproj", "{F36D1C87-0746-4D0D-8A33-B3F115B73B43}"
EndProject
Project("{FAE04EC0-301F-11D3-BF4B-00C04F79EFBC}") = "RandomStuff.Tests", "RandomStuff.Tests\RandomStuff.Tests.csproj", "{C56BE662-776C-4522-8595-6E05A9951612}"
EndProject
Project("{FAE04EC0-301F-11D3-BF4B-00C04F79EFBC}") = "AbstractFactoryPattern", "AbstractFactoryPattern\AbstractFactoryPattern.csproj", "{7CE029BD-678A-4777-BB1E-00A89F83E868}"
EndProject
Global
	GlobalSection(SolutionConfigurationPlatforms) = preSolution
		Debug|Any CPU = Debug|Any CPU
		Debug|x64 = Debug|x64
		Debug|x86 = Debug|x86
		Release|Any CPU = Release|Any CPU
		Release|x64 = Release|x64
		Release|x86 = Release|x86
	EndGlobalSection
	GlobalSection(SolutionProperties) = preSolution
		HideSolutionNode = FALSE
	EndGlobalSection
	GlobalSection(ProjectConfigurationPlatforms) = postSolution
		{F36D1C87-0746-4D0D-8A33-B3F115B73B43}.Debug|Any CPU.ActiveCfg = Debug|Any CPU
		{F36D1C87-0746-4D0D-8A33-B3F115B73B43}.Debug|Any CPU.Build.0 = Debug|Any CPU
		{F36D1C87-0746-4D0D-8A33-B3F115B73B43}.Debug|x64.ActiveCfg = Debug|x64
		{F36D1C87-0746-4D0D-8A33-B3F115B73B43}.Debug|x64.Build.0 = Debug|x64
		{F36D1C87-0746-4D0D-8A33-B3F115B73B43}.Debug|x86.ActiveCfg = Debug|x86
		{F36D1C87-0746-4D0D-8A33-B3F115B73B43}.Debug|x86.Build.0 = Debug|x86
		{F36D1C87-0746-4D0D-8A33-B3F115B73B43}.Release|Any CPU.ActiveCfg = Release|Any CPU
		{F36D1C87-0746-4D0D-8A33-B3F115B73B43}.Release|Any CPU.Build.0 = Release|Any CPU
		{F36D1C87-0746-4D0D-8A33-B3F115B73B43}.Release|x64.ActiveCfg = Release|x64
		{F36D1C87-0746-4D0D-8A33-B3F115B73B43}.Release|x64.Build.0 = Release|x64
		{F36D1C87-0746-4D0D-8A33-B3F115B73B43}.Release|x86.ActiveCfg = Release|x86
		{F36D1C87-0746-4D0D-8A33-B3F115B73B43}.Release|x86.Build.0 = Release|x86
		{670B655D-5F82-4BB7-B9CC-9E9C9AECF780}.Debug|Any CPU.ActiveCfg = Debug|Any CPU
		{670B655D-5F82-4BB7-B9CC-9E9C9AECF780}.Debug|Any CPU.Build.0 = Debug|Any CPU
		{670B655D-5F82-4BB7-B9CC-9E9C9AECF780}.Debug|x64.ActiveCfg = Debug|x64
		{670B655D-5F82-4BB7-B9CC-9E9C9AECF780}.Debug|x64.Build.0 = Debug|x64
		{670B655D-5F82-4BB7-B9CC-9E9C9AECF780}.Debug|x86.ActiveCfg = Debug|x86
		{670B655D-5F82-4BB7-B9CC-9E9C9AECF780}.Debug|x86.Build.0 = Debug|x86
		{670B655D-5F82-4BB7-B9CC-9E9C9AECF780}.Release|Any CPU.ActiveCfg = Release|Any CPU
		{670B655D-5F82-4BB7-B9CC-9E9C9AECF780}.Release|Any CPU.Build.0 = Release|Any CPU
		{670B655D-5F82-4BB7-B9CC-9E9C9AECF780}.Release|x64.ActiveCfg = Release|x64
		{670B655D-5F82-4BB7-B9CC-9E9C9AECF780}.Release|x64.Build.0 = Release|x64
		{670B655D-5F82-4BB7-B9CC-9E9C9AECF780}.Release|x86.ActiveCfg = Release|x86
		{670B655D-5F82-4BB7-B9CC-9E9C9AECF780}.Release|x86.Build.0 = Release|x86
		{C56BE662-776C-4522-8595-6E05A9951612}.Debug|Any CPU.ActiveCfg = Debug|Any CPU
		{C56BE662-776C-4522-8595-6E05A9951612}.Debug|Any CPU.Build.0 = Debug|Any CPU
		{C56BE662-776C-4522-8595-6E05A9951612}.Debug|x64.ActiveCfg = Debug|x64
		{C56BE662-776C-4522-8595-6E05A9951612}.Debug|x64.Build.0 = Debug|x64
		{C56BE662-776C-4522-8595-6E05A9951612}.Debug|x86.ActiveCfg = Debug|x86
		{C56BE662-776C-4522-8595-6E05A9951612}.Debug|x86.Build.0 = Debug|x86
		{C56BE662-776C-4522-8595-6E05A9951612}.Release|Any CPU.ActiveCfg = Release|Any CPU
		{C56BE662-776C-4522-8595-6E05A9951612}.Release|Any CPU.Build.0 = Release|Any CPU
		{C56BE662-776C-4522-8595-6E05A9951612}.Release|x64.ActiveCfg = Release|x64
		{C56BE662-776C-4522-8595-6E05A9951612}.Release|x64.Build.0 = Release|x64
		{C56BE662-776C-4522-8595-6E05A9951612}.Release|x86.ActiveCfg = Release|x86
		{C56BE662-776C-4522-8595-6E05A9951612}.Release|x86.Build.0 = Release|x86
		{95FF12B8-809C-4317-9123-904E34FFA4D5}.Debug|Any CPU.ActiveCfg = Debug|Any CPU
		{95FF12B8-809C-4317-9123-904E34FFA4D5}.Debug|Any CPU.Build.0 = Debug|Any CPU
		{95FF12B8-809C-4317-9123-904E34FFA4D5}.Debug|x64.ActiveCfg = Debug|x64
		{95FF12B8-809C-4317-9123-904E34FFA4D5}.Debug|x64.Build.0 = Debug|x64
		{95FF12B8-809C-4317-9123-904E34FFA4D5}.Debug|x86.ActiveCfg = Debug|x86
		{95FF12B8-809C-4317-9123-904E34FFA4D5}.Debug|x86.Build.0 = Debug|x86
		{95FF12B8-809C-4317-9123-904E34FFA4D5}.Release|Any CPU.ActiveCfg = Release|Any CPU
		{95FF12B8-809C-4317-9123-904E34FFA4D5}.Release|Any CPU.Build.0 = Release|Any CPU
		{95FF12B8-809C-4317-9123-904E34FFA4D5}.Release|x64.ActiveCfg = Release|x64
		{95FF12B8-809C-4317-9123-904E34FFA4D5}.Release|x64.Build.0 = Release|x64
		{95FF12B8-809C-4317-9123-904E34FFA4D5}.Release|x86.ActiveCfg = Release|x86
		{95FF12B8-809C-4317-9123-904E34FFA4D5}.Release|x86.Build.0 = Release|x86
		{7CE029BD-678A-4777-BB1E-00A89F83E868}.Debug|Any CPU.ActiveCfg = Debug|Any CPU
		{7CE029BD-678A-4777-BB1E-00A89F83E868}.Debug|Any CPU.Build.0 = Debug|Any CPU
		{7CE029BD-678A-4777-BB1E-00A89F83E868}.Debug|x64.ActiveCfg = Debug|x64
		{7CE029BD-678A-4777-BB1E-00A89F83E868}.Debug|x64.Build.0 = Debug|x64
		{7CE029BD-678A-4777-BB1E-00A89F83E868}.Debug|x86.ActiveCfg = Debug|x86
		{7CE029BD-678A-4777-BB1E-00A89F83E868}.Debug|x86.Build.0 = Debug|x86
		{7CE029BD-678A-4777-BB1E-00A89F83E868}.Release|Any CPU.ActiveCfg = Release|Any CPU
		{7CE029BD-678A-4777-BB1E-00A89F83E868}.Release|Any CPU.Build.0 = Release|Any CPU
		{7CE029BD-678A-4777-BB1E-00A89F83E868}.Release|x64.ActiveCfg = Release|x64
		{7CE029BD-678A-4777-BB1E-00A89F83E868}.Release|x64.Build.0 = Release|x64
		{7CE029BD-678A-4777-BB1E-00A89F83E868}.Release|x86.ActiveCfg = Release|x86
		{7CE029BD-678A-4777-BB1E-00A89F83E868}.Release|x86.Build.0 = Release|x86
	EndGlobalSection
EndGlobal
